<?xml version="1.0" encoding="utf-8"?>
<Project ToolsVersion="4.0" xmlns="http://schemas.microsoft.com/developer/msbuild/2003">
  <ItemGroup>
    <Filter Include="源文件">
      <UniqueIdentifier>{4FC737F1-C7A5-4376-A066-2A32D752A2FF}</UniqueIdentifier>
      <Extensions>cpp;c;cc;cxx;c++;cppm;ixx;def;odl;idl;hpj;bat;asm;asmx</Extensions>
    </Filter>
    <Filter Include="头文件">
      <UniqueIdentifier>{93995380-89BD-4b04-88EB-625FBE52EBFB}</UniqueIdentifier>
      <Extensions>h;hh;hpp;hxx;h++;hm;inl;inc;ipp;xsd</Extensions>
    </Filter>
    <Filter Include="资源文件">
      <UniqueIdentifier>{67DA6AB6-F800-4c08-8B7A-83BB121AAD01}</UniqueIdentifier>
      <Extensions>rc;ico;cur;bmp;dlg;rc2;rct;bin;rgs;gif;jpg;jpeg;jpe;resx;tiff;tif;png;wav;mfcribbon-ms</Extensions>
    </Filter>
    <Filter Include="自定义项">
      <UniqueIdentifier>{f5e4bbbe-1270-40cc-a3a9-378f2ae4448f}</UniqueIdentifier>
    </Filter>
    <Filter Include="自定义项\自定义消息">
      <UniqueIdentifier>{bfcb4f1c-0809-4c88-b264-69a32db76a7f}</UniqueIdentifier>
    </Filter>
    <Filter Include="InjectTools">
      <UniqueIdentifier>{7d1574df-f920-4fb2-99b2-daa4c65ef361}</UniqueIdentifier>
    </Filter>
    <Filter Include="自定义项\结构体">
      <UniqueIdentifier>{8984f802-7c02-4f0c-bd85-eb967401528c}</UniqueIdentifier>
    </Filter>
    <Filter Include="MD5">
      <UniqueIdentifier>{4b7d479c-17ed-40eb-8891-20999d4b2ab8}</UniqueIdentifier>
    </Filter>
    <Filter Include="HTTPRequest">
      <UniqueIdentifier>{6ed83746-8194-4be7-a450-bdd499804b16}</UniqueIdentifier>
    </Filter>
  </ItemGroup>
  <ItemGroup>
    <ClInclude Include="My_InjectTools.h">
      <Filter>头文件</Filter>
    </ClInclude>
    <ClInclude Include="My_InjectToolsDlg.h">
      <Filter>头文件</Filter>
    </ClInclude>
    <ClInclude Include="framework.h">
      <Filter>头文件</Filter>
    </ClInclude>
    <ClInclude Include="targetver.h">
      <Filter>头文件</Filter>
    </ClInclude>
    <ClInclude Include="Resource.h">
      <Filter>头文件</Filter>
    </ClInclude>
    <ClInclude Include="pch.h">
      <Filter>头文件</Filter>
    </ClInclude>
    <ClInclude Include="message.h">
      <Filter>自定义项\自定义消息</Filter>
    </ClInclude>
    <ClInclude Include="CInjectTools.h">
      <Filter>InjectTools</Filter>
    </ClInclude>
    <ClInclude Include="CMain.h">
      <Filter>头文件</Filter>
    </ClInclude>
    <ClInclude Include="CMyTableCtrl.h">
      <Filter>头文件</Filter>
    </ClInclude>
    <ClInclude Include="data.h">
      <Filter>自定义项\结构体</Filter>
    </ClInclude>
    <ClInclude Include="CFriendList.h">
      <Filter>头文件</Filter>
    </ClInclude>
    <ClInclude Include="CChatRecords.h">
      <Filter>头文件</Filter>
    </ClInclude>
    <ClInclude Include="CFunctions.h">
      <Filter>头文件</Filter>
    </ClInclude>
    <ClInclude Include="CMultiOpen.h">
      <Filter>头文件</Filter>
    </ClInclude>
    <ClInclude Include="md5.h">
      <Filter>MD5</Filter>
    </ClInclude>
    <ClInclude Include="HTTPRequest.hpp">
      <Filter>HTTPRequest</Filter>
    </ClInclude>
  </ItemGroup>
  <ItemGroup>
    <ClCompile Include="My_InjectTools.cpp">
      <Filter>源文件</Filter>
    </ClCompile>
    <ClCompile Include="My_InjectToolsDlg.cpp">
      <Filter>源文件</Filter>
    </ClCompile>
    <ClCompile Include="pch.cpp">
      <Filter>源文件</Filter>
    </ClCompile>
    <ClCompile Include="CInjectTools.cpp">
      <Filter>InjectTools</Filter>
    </ClCompile>
    <ClCompile Include="CMain.cpp">
      <Filter>源文件</Filter>
    </ClCompile>
    <ClCompile Include="CMyTableCtrl.cpp">
      <Filter>源文件</Filter>
    </ClCompile>
    <ClCompile Include="CFriendList.cpp">
      <Filter>源文件</Filter>
    </ClCompile>
    <ClCompile Include="CChatRecords.cpp">
      <Filter>源文件</Filter>
    </ClCompile>
    <ClCompile Include="CFunctions.cpp">
      <Filter>源文件</Filter>
    </ClCompile>
    <ClCompile Include="CMultiOpen.cpp">
      <Filter>源文件</Filter>
    </ClCompile>
    <ClCompile Include="md5.cpp">
      <Filter>MD5</Filter>
    </ClCompile>
    <ClCompile Include="test_MD5.cpp">
      <Filter>MD5</Filter>
    </ClCompile>
    <ClCompile Include="test_HttpRequest.cpp">
      <Filter>HTTPRequest</Filter>
    </ClCompile>
  </ItemGroup>
  <ItemGroup>
    <ResourceCompile Include="MyInjectTools.rc">
      <Filter>资源文件</Filter>
    </ResourceCompile>
  </ItemGroup>
  <ItemGroup>
    <None Include="res\MyInjectTools.rc2">
      <Filter>资源文件</Filter>
    </None>
  </ItemGroup>
  <ItemGroup>
    <Image Include="res\My_InjectTools.ico">
      <Filter>资源文件</Filter>
    </Image>
  </ItemGroup>
</Project>